// !$*UTF8*$!
{
	archiveVersion = 1;
	classes = {
	};
	objectVersion = 56;
	objects = {

/* Begin PBXBuildFile section */
		2731734828E4746800FF5B17 /* AppDelegate.swift in Sources */ = {isa = PBXBuildFile; fileRef = 2731734728E4746800FF5B17 /* AppDelegate.swift */; };
		2731734A28E4746800FF5B17 /* SceneDelegate.swift in Sources */ = {isa = PBXBuildFile; fileRef = 2731734928E4746800FF5B17 /* SceneDelegate.swift */; };
		2731735128E4746900FF5B17 /* Assets.xcassets in Resources */ = {isa = PBXBuildFile; fileRef = 2731735028E4746900FF5B17 /* Assets.xcassets */; };
		2731735428E4746900FF5B17 /* LaunchScreen.storyboard in Resources */ = {isa = PBXBuildFile; fileRef = 2731735228E4746900FF5B17 /* LaunchScreen.storyboard */; };
		2731737C28E620FA00FF5B17 /* EndpointType.swift in Sources */ = {isa = PBXBuildFile; fileRef = 2731737B28E620FA00FF5B17 /* EndpointType.swift */; };
		2731737E28E6212300FF5B17 /* AppAPI.swift in Sources */ = {isa = PBXBuildFile; fileRef = 2731737D28E6212300FF5B17 /* AppAPI.swift */; };
		2731738028E6215400FF5B17 /* Networking.swift in Sources */ = {isa = PBXBuildFile; fileRef = 2731737F28E6215400FF5B17 /* Networking.swift */; };
		2731738228E6478D00FF5B17 /* Team.swift in Sources */ = {isa = PBXBuildFile; fileRef = 2731738128E6478D00FF5B17 /* Team.swift */; };
		2731738428E64B9200FF5B17 /* TeamsSearchResponse.swift in Sources */ = {isa = PBXBuildFile; fileRef = 2731738328E64B9200FF5B17 /* TeamsSearchResponse.swift */; };
		2731738728E64C3700FF5B17 /* HomeViewModel.swift in Sources */ = {isa = PBXBuildFile; fileRef = 2731738628E64C3700FF5B17 /* HomeViewModel.swift */; };
		2731738928E64C8500FF5B17 /* HomeViewDependenciesProvider.swift in Sources */ = {isa = PBXBuildFile; fileRef = 2731738828E64C8500FF5B17 /* HomeViewDependenciesProvider.swift */; };
		2731738B28E6548000FF5B17 /* HomeViewController.swift in Sources */ = {isa = PBXBuildFile; fileRef = 2731738A28E6548000FF5B17 /* HomeViewController.swift */; };
		2731738D28E76F8200FF5B17 /* HomeCollectionViewCell.swift in Sources */ = {isa = PBXBuildFile; fileRef = 2731738C28E76F8200FF5B17 /* HomeCollectionViewCell.swift */; };
		2731738F28E76FD200FF5B17 /* HomeCollectionCellViewModel.swift in Sources */ = {isa = PBXBuildFile; fileRef = 2731738E28E76FD200FF5B17 /* HomeCollectionCellViewModel.swift */; };
		2731739128E7919700FF5B17 /* Color.xcassets in Resources */ = {isa = PBXBuildFile; fileRef = 2731739028E7919700FF5B17 /* Color.xcassets */; };
		2731739428E7923C00FF5B17 /* UIColor+Extension.swift in Sources */ = {isa = PBXBuildFile; fileRef = 2731739328E7923C00FF5B17 /* UIColor+Extension.swift */; };
		2731739928E8F7CB00FF5B17 /* Kingfisher in Frameworks */ = {isa = PBXBuildFile; productRef = 2731739828E8F7CB00FF5B17 /* Kingfisher */; };
		2731739E28E9000200FF5B17 /* TeamDetailsViewController.swift in Sources */ = {isa = PBXBuildFile; fileRef = 2731739D28E9000200FF5B17 /* TeamDetailsViewController.swift */; };
		273173A028E9003000FF5B17 /* TeamDetailsViewModel.swift in Sources */ = {isa = PBXBuildFile; fileRef = 2731739F28E9003000FF5B17 /* TeamDetailsViewModel.swift */; };
		273173A228E9009200FF5B17 /* TeamDetailsDependenciesProvider.swift in Sources */ = {isa = PBXBuildFile; fileRef = 273173A128E9009200FF5B17 /* TeamDetailsDependenciesProvider.swift */; };
		273173AF28EB84B500FF5B17 /* League.swift in Sources */ = {isa = PBXBuildFile; fileRef = 273173AE28EB84B500FF5B17 /* League.swift */; };
		273173B228EB914400FF5B17 /* AutocompleteProtocol.swift in Sources */ = {isa = PBXBuildFile; fileRef = 273173B128EB914400FF5B17 /* AutocompleteProtocol.swift */; };
		273173B428EB91D600FF5B17 /* AutocompleteViewController.swift in Sources */ = {isa = PBXBuildFile; fileRef = 273173B328EB91D600FF5B17 /* AutocompleteViewController.swift */; };
		273173B628EC47F000FF5B17 /* AutocompleteViewCell.swift in Sources */ = {isa = PBXBuildFile; fileRef = 273173B528EC47F000FF5B17 /* AutocompleteViewCell.swift */; };
		273173B828EC486300FF5B17 /* AutocompleteCellViewModel.swift in Sources */ = {isa = PBXBuildFile; fileRef = 273173B728EC486300FF5B17 /* AutocompleteCellViewModel.swift */; };
		273173BA28EC4AF800FF5B17 /* AutocompleteViewModel.swift in Sources */ = {isa = PBXBuildFile; fileRef = 273173B928EC4AF800FF5B17 /* AutocompleteViewModel.swift */; };
		273173C028ECDB8D00FF5B17 /* HomeViewDependenciesProviderMock.swift in Sources */ = {isa = PBXBuildFile; fileRef = 273173BF28ECDB8D00FF5B17 /* HomeViewDependenciesProviderMock.swift */; };
		273173C428ECE53000FF5B17 /* TeamDetailsDependenciesProviderMock.swift in Sources */ = {isa = PBXBuildFile; fileRef = 273173C328ECE53000FF5B17 /* TeamDetailsDependenciesProviderMock.swift */; };
		273173C628ECE78100FF5B17 /* HomeViewModelTests.swift in Sources */ = {isa = PBXBuildFile; fileRef = 273173C528ECE78100FF5B17 /* HomeViewModelTests.swift */; };
		273173C828ECE89D00FF5B17 /* AutocompleteProtocolMock.swift in Sources */ = {isa = PBXBuildFile; fileRef = 273173C728ECE89D00FF5B17 /* AutocompleteProtocolMock.swift */; };
		273173CA28ECF04B00FF5B17 /* NetworkingTests.swift in Sources */ = {isa = PBXBuildFile; fileRef = 273173C928ECF04B00FF5B17 /* NetworkingTests.swift */; };
		273173CC28ECF29200FF5B17 /* LeaguesSearchResponse.swift in Sources */ = {isa = PBXBuildFile; fileRef = 273173CB28ECF29200FF5B17 /* LeaguesSearchResponse.swift */; };
/* End PBXBuildFile section */

/* Begin PBXContainerItemProxy section */
		2731735B28E4746900FF5B17 /* PBXContainerItemProxy */ = {
			isa = PBXContainerItemProxy;
			containerPortal = 2731733C28E4746800FF5B17 /* Project object */;
			proxyType = 1;
			remoteGlobalIDString = 2731734328E4746800FF5B17;
			remoteInfo = FDJChampionnatTest;
		};
/* End PBXContainerItemProxy section */

/* Begin PBXFileReference section */
		2731734428E4746800FF5B17 /* FDJChampionnatTest.app */ = {isa = PBXFileReference; explicitFileType = wrapper.application; includeInIndex = 0; path = FDJChampionnatTest.app; sourceTree = BUILT_PRODUCTS_DIR; };
		2731734728E4746800FF5B17 /* AppDelegate.swift */ = {isa = PBXFileReference; lastKnownFileType = sourcecode.swift; path = AppDelegate.swift; sourceTree = "<group>"; };
		2731734928E4746800FF5B17 /* SceneDelegate.swift */ = {isa = PBXFileReference; lastKnownFileType = sourcecode.swift; path = SceneDelegate.swift; sourceTree = "<group>"; };
		2731735028E4746900FF5B17 /* Assets.xcassets */ = {isa = PBXFileReference; lastKnownFileType = folder.assetcatalog; path = Assets.xcassets; sourceTree = "<group>"; };
		2731735328E4746900FF5B17 /* Base */ = {isa = PBXFileReference; lastKnownFileType = file.storyboard; name = Base; path = Base.lproj/LaunchScreen.storyboard; sourceTree = "<group>"; };
		2731735528E4746900FF5B17 /* Info.plist */ = {isa = PBXFileReference; lastKnownFileType = text.plist.xml; path = Info.plist; sourceTree = "<group>"; };
		2731735A28E4746900FF5B17 /* FDJChampionnatTestTests.xctest */ = {isa = PBXFileReference; explicitFileType = wrapper.cfbundle; includeInIndex = 0; path = FDJChampionnatTestTests.xctest; sourceTree = BUILT_PRODUCTS_DIR; };
		2731737B28E620FA00FF5B17 /* EndpointType.swift */ = {isa = PBXFileReference; lastKnownFileType = sourcecode.swift; path = EndpointType.swift; sourceTree = "<group>"; };
		2731737D28E6212300FF5B17 /* AppAPI.swift */ = {isa = PBXFileReference; lastKnownFileType = sourcecode.swift; path = AppAPI.swift; sourceTree = "<group>"; };
		2731737F28E6215400FF5B17 /* Networking.swift */ = {isa = PBXFileReference; lastKnownFileType = sourcecode.swift; path = Networking.swift; sourceTree = "<group>"; };
		2731738128E6478D00FF5B17 /* Team.swift */ = {isa = PBXFileReference; lastKnownFileType = sourcecode.swift; path = Team.swift; sourceTree = "<group>"; };
		2731738328E64B9200FF5B17 /* TeamsSearchResponse.swift */ = {isa = PBXFileReference; lastKnownFileType = sourcecode.swift; path = TeamsSearchResponse.swift; sourceTree = "<group>"; };
		2731738628E64C3700FF5B17 /* HomeViewModel.swift */ = {isa = PBXFileReference; lastKnownFileType = sourcecode.swift; path = HomeViewModel.swift; sourceTree = "<group>"; };
		2731738828E64C8500FF5B17 /* HomeViewDependenciesProvider.swift */ = {isa = PBXFileReference; lastKnownFileType = sourcecode.swift; path = HomeViewDependenciesProvider.swift; sourceTree = "<group>"; };
		2731738A28E6548000FF5B17 /* HomeViewController.swift */ = {isa = PBXFileReference; lastKnownFileType = sourcecode.swift; path = HomeViewController.swift; sourceTree = "<group>"; };
		2731738C28E76F8200FF5B17 /* HomeCollectionViewCell.swift */ = {isa = PBXFileReference; lastKnownFileType = sourcecode.swift; path = HomeCollectionViewCell.swift; sourceTree = "<group>"; };
		2731738E28E76FD200FF5B17 /* HomeCollectionCellViewModel.swift */ = {isa = PBXFileReference; lastKnownFileType = sourcecode.swift; path = HomeCollectionCellViewModel.swift; sourceTree = "<group>"; };
		2731739028E7919700FF5B17 /* Color.xcassets */ = {isa = PBXFileReference; lastKnownFileType = folder.assetcatalog; path = Color.xcassets; sourceTree = "<group>"; };
		2731739328E7923C00FF5B17 /* UIColor+Extension.swift */ = {isa = PBXFileReference; lastKnownFileType = sourcecode.swift; path = "UIColor+Extension.swift"; sourceTree = "<group>"; };
		2731739D28E9000200FF5B17 /* TeamDetailsViewController.swift */ = {isa = PBXFileReference; lastKnownFileType = sourcecode.swift; path = TeamDetailsViewController.swift; sourceTree = "<group>"; };
		2731739F28E9003000FF5B17 /* TeamDetailsViewModel.swift */ = {isa = PBXFileReference; lastKnownFileType = sourcecode.swift; path = TeamDetailsViewModel.swift; sourceTree = "<group>"; };
		273173A128E9009200FF5B17 /* TeamDetailsDependenciesProvider.swift */ = {isa = PBXFileReference; lastKnownFileType = sourcecode.swift; path = TeamDetailsDependenciesProvider.swift; sourceTree = "<group>"; };
		273173AE28EB84B500FF5B17 /* League.swift */ = {isa = PBXFileReference; lastKnownFileType = sourcecode.swift; path = League.swift; sourceTree = "<group>"; };
		273173B128EB914400FF5B17 /* AutocompleteProtocol.swift */ = {isa = PBXFileReference; lastKnownFileType = sourcecode.swift; path = AutocompleteProtocol.swift; sourceTree = "<group>"; };
		273173B328EB91D600FF5B17 /* AutocompleteViewController.swift */ = {isa = PBXFileReference; lastKnownFileType = sourcecode.swift; path = AutocompleteViewController.swift; sourceTree = "<group>"; };
		273173B528EC47F000FF5B17 /* AutocompleteViewCell.swift */ = {isa = PBXFileReference; lastKnownFileType = sourcecode.swift; path = AutocompleteViewCell.swift; sourceTree = "<group>"; };
		273173B728EC486300FF5B17 /* AutocompleteCellViewModel.swift */ = {isa = PBXFileReference; lastKnownFileType = sourcecode.swift; path = AutocompleteCellViewModel.swift; sourceTree = "<group>"; };
		273173B928EC4AF800FF5B17 /* AutocompleteViewModel.swift */ = {isa = PBXFileReference; lastKnownFileType = sourcecode.swift; path = AutocompleteViewModel.swift; sourceTree = "<group>"; };
		273173BF28ECDB8D00FF5B17 /* HomeViewDependenciesProviderMock.swift */ = {isa = PBXFileReference; lastKnownFileType = sourcecode.swift; path = HomeViewDependenciesProviderMock.swift; sourceTree = "<group>"; };
		273173C328ECE53000FF5B17 /* TeamDetailsDependenciesProviderMock.swift */ = {isa = PBXFileReference; lastKnownFileType = sourcecode.swift; path = TeamDetailsDependenciesProviderMock.swift; sourceTree = "<group>"; };
		273173C528ECE78100FF5B17 /* HomeViewModelTests.swift */ = {isa = PBXFileReference; lastKnownFileType = sourcecode.swift; path = HomeViewModelTests.swift; sourceTree = "<group>"; };
		273173C728ECE89D00FF5B17 /* AutocompleteProtocolMock.swift */ = {isa = PBXFileReference; lastKnownFileType = sourcecode.swift; path = AutocompleteProtocolMock.swift; sourceTree = "<group>"; };
		273173C928ECF04B00FF5B17 /* NetworkingTests.swift */ = {isa = PBXFileReference; lastKnownFileType = sourcecode.swift; path = NetworkingTests.swift; sourceTree = "<group>"; };
		273173CB28ECF29200FF5B17 /* LeaguesSearchResponse.swift */ = {isa = PBXFileReference; lastKnownFileType = sourcecode.swift; path = LeaguesSearchResponse.swift; sourceTree = "<group>"; };
/* End PBXFileReference section */

/* Begin PBXFrameworksBuildPhase section */
		2731734128E4746800FF5B17 /* Frameworks */ = {
			isa = PBXFrameworksBuildPhase;
			buildActionMask = 2147483647;
			files = (
				2731739928E8F7CB00FF5B17 /* Kingfisher in Frameworks */,
			);
			runOnlyForDeploymentPostprocessing = 0;
		};
		2731735728E4746900FF5B17 /* Frameworks */ = {
			isa = PBXFrameworksBuildPhase;
			buildActionMask = 2147483647;
			files = (
			);
			runOnlyForDeploymentPostprocessing = 0;
		};
/* End PBXFrameworksBuildPhase section */

/* Begin PBXGroup section */
		2731733B28E4746800FF5B17 = {
			isa = PBXGroup;
			children = (
				2731734628E4746800FF5B17 /* FDJChampionnatTest */,
				2731735D28E4746900FF5B17 /* FDJChampionnatTestTests */,
				2731734528E4746800FF5B17 /* Products */,
			);
			sourceTree = "<group>";
		};
		2731734528E4746800FF5B17 /* Products */ = {
			isa = PBXGroup;
			children = (
				2731734428E4746800FF5B17 /* FDJChampionnatTest.app */,
				2731735A28E4746900FF5B17 /* FDJChampionnatTestTests.xctest */,
			);
			name = Products;
			sourceTree = "<group>";
		};
		2731734628E4746800FF5B17 /* FDJChampionnatTest */ = {
			isa = PBXGroup;
			children = (
				2731739228E7922300FF5B17 /* Helpers */,
				2731737A28E617F800FF5B17 /* Networking */,
				2731737828E476E000FF5B17 /* Models */,
				2731738528E64C2500FF5B17 /* Home */,
				2731739B28E8FFB000FF5B17 /* Details */,
				2731734728E4746800FF5B17 /* AppDelegate.swift */,
				2731734928E4746800FF5B17 /* SceneDelegate.swift */,
				2731735028E4746900FF5B17 /* Assets.xcassets */,
				2731735228E4746900FF5B17 /* LaunchScreen.storyboard */,
				2731735528E4746900FF5B17 /* Info.plist */,
				2731739028E7919700FF5B17 /* Color.xcassets */,
			);
			path = FDJChampionnatTest;
			sourceTree = "<group>";
		};
		2731735D28E4746900FF5B17 /* FDJChampionnatTestTests */ = {
			isa = PBXGroup;
			children = (
				273173C528ECE78100FF5B17 /* HomeViewModelTests.swift */,
				273173C928ECF04B00FF5B17 /* NetworkingTests.swift */,
				273173BB28ECD9DE00FF5B17 /* Mocks */,
			);
			path = FDJChampionnatTestTests;
			sourceTree = "<group>";
		};
		2731737828E476E000FF5B17 /* Models */ = {
			isa = PBXGroup;
			children = (
				2731738128E6478D00FF5B17 /* Team.swift */,
				2731738328E64B9200FF5B17 /* TeamsSearchResponse.swift */,
				273173AE28EB84B500FF5B17 /* League.swift */,
				273173CB28ECF29200FF5B17 /* LeaguesSearchResponse.swift */,
			);
			path = Models;
			sourceTree = "<group>";
		};
		2731737A28E617F800FF5B17 /* Networking */ = {
			isa = PBXGroup;
			children = (
				2731737B28E620FA00FF5B17 /* EndpointType.swift */,
				2731737D28E6212300FF5B17 /* AppAPI.swift */,
				2731737F28E6215400FF5B17 /* Networking.swift */,
			);
			path = Networking;
			sourceTree = "<group>";
		};
		2731738528E64C2500FF5B17 /* Home */ = {
			isa = PBXGroup;
			children = (
				2731738A28E6548000FF5B17 /* HomeViewController.swift */,
				2731738C28E76F8200FF5B17 /* HomeCollectionViewCell.swift */,
				2731738628E64C3700FF5B17 /* HomeViewModel.swift */,
				2731738828E64C8500FF5B17 /* HomeViewDependenciesProvider.swift */,
				2731738E28E76FD200FF5B17 /* HomeCollectionCellViewModel.swift */,
				273173B028EB90FF00FF5B17 /* Autocomplete */,
			);
			path = Home;
			sourceTree = "<group>";
		};
		2731739228E7922300FF5B17 /* Helpers */ = {
			isa = PBXGroup;
			children = (
				2731739328E7923C00FF5B17 /* UIColor+Extension.swift */,
			);
			path = Helpers;
			sourceTree = "<group>";
		};
		2731739B28E8FFB000FF5B17 /* Details */ = {
			isa = PBXGroup;
			children = (
				2731739F28E9003000FF5B17 /* TeamDetailsViewModel.swift */,
				273173A128E9009200FF5B17 /* TeamDetailsDependenciesProvider.swift */,
				2731739D28E9000200FF5B17 /* TeamDetailsViewController.swift */,
			);
			path = Details;
			sourceTree = "<group>";
		};
		273173B028EB90FF00FF5B17 /* Autocomplete */ = {
			isa = PBXGroup;
			children = (
				273173B128EB914400FF5B17 /* AutocompleteProtocol.swift */,
				273173B328EB91D600FF5B17 /* AutocompleteViewController.swift */,
				273173B528EC47F000FF5B17 /* AutocompleteViewCell.swift */,
				273173B728EC486300FF5B17 /* AutocompleteCellViewModel.swift */,
				273173B928EC4AF800FF5B17 /* AutocompleteViewModel.swift */,
			);
			path = Autocomplete;
			sourceTree = "<group>";
		};
		273173BB28ECD9DE00FF5B17 /* Mocks */ = {
			isa = PBXGroup;
			children = (
				273173BF28ECDB8D00FF5B17 /* HomeViewDependenciesProviderMock.swift */,
				273173C328ECE53000FF5B17 /* TeamDetailsDependenciesProviderMock.swift */,
				273173C728ECE89D00FF5B17 /* AutocompleteProtocolMock.swift */,
			);
			path = Mocks;
			sourceTree = "<group>";
		};
/* End PBXGroup section */

/* Begin PBXNativeTarget section */
		2731734328E4746800FF5B17 /* FDJChampionnatTest */ = {
			isa = PBXNativeTarget;
			buildConfigurationList = 2731736E28E4746900FF5B17 /* Build configuration list for PBXNativeTarget "FDJChampionnatTest" */;
			buildPhases = (
				2731734028E4746800FF5B17 /* Sources */,
				2731734128E4746800FF5B17 /* Frameworks */,
				2731734228E4746800FF5B17 /* Resources */,
			);
			buildRules = (
			);
			dependencies = (
			);
			name = FDJChampionnatTest;
			packageProductDependencies = (
				2731739828E8F7CB00FF5B17 /* Kingfisher */,
			);
			productName = FDJChampionnatTest;
			productReference = 2731734428E4746800FF5B17 /* FDJChampionnatTest.app */;
			productType = "com.apple.product-type.application";
		};
		2731735928E4746900FF5B17 /* FDJChampionnatTestTests */ = {
			isa = PBXNativeTarget;
			buildConfigurationList = 2731737128E4746900FF5B17 /* Build configuration list for PBXNativeTarget "FDJChampionnatTestTests" */;
			buildPhases = (
				2731735628E4746900FF5B17 /* Sources */,
				2731735728E4746900FF5B17 /* Frameworks */,
				2731735828E4746900FF5B17 /* Resources */,
			);
			buildRules = (
			);
			dependencies = (
				2731735C28E4746900FF5B17 /* PBXTargetDependency */,
			);
			name = FDJChampionnatTestTests;
			productName = FDJChampionnatTestTests;
			productReference = 2731735A28E4746900FF5B17 /* FDJChampionnatTestTests.xctest */;
			productType = "com.apple.product-type.bundle.unit-test";
		};
/* End PBXNativeTarget section */

/* Begin PBXProject section */
		2731733C28E4746800FF5B17 /* Project object */ = {
			isa = PBXProject;
			attributes = {
				BuildIndependentTargetsInParallel = 1;
				LastSwiftUpdateCheck = 1400;
				LastUpgradeCheck = 1400;
				TargetAttributes = {
					2731734328E4746800FF5B17 = {
						CreatedOnToolsVersion = 14.0.1;
					};
					2731735928E4746900FF5B17 = {
						CreatedOnToolsVersion = 14.0.1;
						TestTargetID = 2731734328E4746800FF5B17;
					};
				};
			};
			buildConfigurationList = 2731733F28E4746800FF5B17 /* Build configuration list for PBXProject "FDJChampionnatTest" */;
			compatibilityVersion = "Xcode 14.0";
			developmentRegion = en;
			hasScannedForEncodings = 0;
			knownRegions = (
				en,
				Base,
			);
			mainGroup = 2731733B28E4746800FF5B17;
			packageReferences = (
				2731739728E8F7CB00FF5B17 /* XCRemoteSwiftPackageReference "Kingfisher" */,
			);
			productRefGroup = 2731734528E4746800FF5B17 /* Products */;
			projectDirPath = "";
			projectRoot = "";
			targets = (
				2731734328E4746800FF5B17 /* FDJChampionnatTest */,
				2731735928E4746900FF5B17 /* FDJChampionnatTestTests */,
			);
		};
/* End PBXProject section */

/* Begin PBXResourcesBuildPhase section */
		2731734228E4746800FF5B17 /* Resources */ = {
			isa = PBXResourcesBuildPhase;
			buildActionMask = 2147483647;
			files = (
				2731735428E4746900FF5B17 /* LaunchScreen.storyboard in Resources */,
				2731735128E4746900FF5B17 /* Assets.xcassets in Resources */,
				2731739128E7919700FF5B17 /* Color.xcassets in Resources */,
			);
			runOnlyForDeploymentPostprocessing = 0;
		};
		2731735828E4746900FF5B17 /* Resources */ = {
			isa = PBXResourcesBuildPhase;
			buildActionMask = 2147483647;
			files = (
			);
			runOnlyForDeploymentPostprocessing = 0;
		};
/* End PBXResourcesBuildPhase section */

/* Begin PBXSourcesBuildPhase section */
		2731734028E4746800FF5B17 /* Sources */ = {
			isa = PBXSourcesBuildPhase;
			buildActionMask = 2147483647;
			files = (
				2731738428E64B9200FF5B17 /* TeamsSearchResponse.swift in Sources */,
				273173A228E9009200FF5B17 /* TeamDetailsDependenciesProvider.swift in Sources */,
				273173B628EC47F000FF5B17 /* AutocompleteViewCell.swift in Sources */,
				2731738228E6478D00FF5B17 /* Team.swift in Sources */,
				2731734828E4746800FF5B17 /* AppDelegate.swift in Sources */,
				273173B228EB914400FF5B17 /* AutocompleteProtocol.swift in Sources */,
				2731738028E6215400FF5B17 /* Networking.swift in Sources */,
				2731737E28E6212300FF5B17 /* AppAPI.swift in Sources */,
				2731738B28E6548000FF5B17 /* HomeViewController.swift in Sources */,
				2731738D28E76F8200FF5B17 /* HomeCollectionViewCell.swift in Sources */,
				2731737C28E620FA00FF5B17 /* EndpointType.swift in Sources */,
				2731738728E64C3700FF5B17 /* HomeViewModel.swift in Sources */,
				2731734A28E4746800FF5B17 /* SceneDelegate.swift in Sources */,
				273173BA28EC4AF800FF5B17 /* AutocompleteViewModel.swift in Sources */,
				273173B428EB91D600FF5B17 /* AutocompleteViewController.swift in Sources */,
				273173CC28ECF29200FF5B17 /* LeaguesSearchResponse.swift in Sources */,
				2731739428E7923C00FF5B17 /* UIColor+Extension.swift in Sources */,
				2731738928E64C8500FF5B17 /* HomeViewDependenciesProvider.swift in Sources */,
				273173B828EC486300FF5B17 /* AutocompleteCellViewModel.swift in Sources */,
				2731739E28E9000200FF5B17 /* TeamDetailsViewController.swift in Sources */,
				273173A028E9003000FF5B17 /* TeamDetailsViewModel.swift in Sources */,
				273173AF28EB84B500FF5B17 /* League.swift in Sources */,
				2731738F28E76FD200FF5B17 /* HomeCollectionCellViewModel.swift in Sources */,
			);
			runOnlyForDeploymentPostprocessing = 0;
		};
		2731735628E4746900FF5B17 /* Sources */ = {
			isa = PBXSourcesBuildPhase;
			buildActionMask = 2147483647;
			files = (
				273173C028ECDB8D00FF5B17 /* HomeViewDependenciesProviderMock.swift in Sources */,
				273173C428ECE53000FF5B17 /* TeamDetailsDependenciesProviderMock.swift in Sources */,
				273173C628ECE78100FF5B17 /* HomeViewModelTests.swift in Sources */,
				273173CA28ECF04B00FF5B17 /* NetworkingTests.swift in Sources */,
				273173C828ECE89D00FF5B17 /* AutocompleteProtocolMock.swift in Sources */,
			);
			runOnlyForDeploymentPostprocessing = 0;
		};
/* End PBXSourcesBuildPhase section */

/* Begin PBXTargetDependency section */
		2731735C28E4746900FF5B17 /* PBXTargetDependency */ = {
			isa = PBXTargetDependency;
			target = 2731734328E4746800FF5B17 /* FDJChampionnatTest */;
			targetProxy = 2731735B28E4746900FF5B17 /* PBXContainerItemProxy */;
		};
/* End PBXTargetDependency section */

/* Begin PBXVariantGroup section */
		2731735228E4746900FF5B17 /* LaunchScreen.storyboard */ = {
			isa = PBXVariantGroup;
			children = (
				2731735328E4746900FF5B17 /* Base */,
			);
			name = LaunchScreen.storyboard;
			sourceTree = "<group>";
		};
/* End PBXVariantGroup section */

/* Begin XCBuildConfiguration section */
		2731736C28E4746900FF5B17 /* Debug */ = {
			isa = XCBuildConfiguration;
			buildSettings = {
				ALWAYS_SEARCH_USER_PATHS = NO;
				CLANG_ANALYZER_NONNULL = YES;
				CLANG_ANALYZER_NUMBER_OBJECT_CONVERSION = YES_AGGRESSIVE;
				CLANG_CXX_LANGUAGE_STANDARD = "gnu++20";
				CLANG_ENABLE_MODULES = YES;
				CLANG_ENABLE_OBJC_ARC = YES;
				CLANG_ENABLE_OBJC_WEAK = YES;
				CLANG_WARN_BLOCK_CAPTURE_AUTORELEASING = YES;
				CLANG_WARN_BOOL_CONVERSION = YES;
				CLANG_WARN_COMMA = YES;
				CLANG_WARN_CONSTANT_CONVERSION = YES;
				CLANG_WARN_DEPRECATED_OBJC_IMPLEMENTATIONS = YES;
				CLANG_WARN_DIRECT_OBJC_ISA_USAGE = YES_ERROR;
				CLANG_WARN_DOCUMENTATION_COMMENTS = YES;
				CLANG_WARN_EMPTY_BODY = YES;
				CLANG_WARN_ENUM_CONVERSION = YES;
				CLANG_WARN_INFINITE_RECURSION = YES;
				CLANG_WARN_INT_CONVERSION = YES;
				CLANG_WARN_NON_LITERAL_NULL_CONVERSION = YES;
				CLANG_WARN_OBJC_IMPLICIT_RETAIN_SELF = YES;
				CLANG_WARN_OBJC_LITERAL_CONVERSION = YES;
				CLANG_WARN_OBJC_ROOT_CLASS = YES_ERROR;
				CLANG_WARN_QUOTED_INCLUDE_IN_FRAMEWORK_HEADER = YES;
				CLANG_WARN_RANGE_LOOP_ANALYSIS = YES;
				CLANG_WARN_STRICT_PROTOTYPES = YES;
				CLANG_WARN_SUSPICIOUS_MOVE = YES;
				CLANG_WARN_UNGUARDED_AVAILABILITY = YES_AGGRESSIVE;
				CLANG_WARN_UNREACHABLE_CODE = YES;
				CLANG_WARN__DUPLICATE_METHOD_MATCH = YES;
				COPY_PHASE_STRIP = NO;
				DEBUG_INFORMATION_FORMAT = dwarf;
				ENABLE_STRICT_OBJC_MSGSEND = YES;
				ENABLE_TESTABILITY = YES;
				GCC_C_LANGUAGE_STANDARD = gnu11;
				GCC_DYNAMIC_NO_PIC = NO;
				GCC_NO_COMMON_BLOCKS = YES;
				GCC_OPTIMIZATION_LEVEL = 0;
				GCC_PREPROCESSOR_DEFINITIONS = (
					"DEBUG=1",
					"$(inherited)",
				);
				GCC_WARN_64_TO_32_BIT_CONVERSION = YES;
				GCC_WARN_ABOUT_RETURN_TYPE = YES_ERROR;
				GCC_WARN_UNDECLARED_SELECTOR = YES;
				GCC_WARN_UNINITIALIZED_AUTOS = YES_AGGRESSIVE;
				GCC_WARN_UNUSED_FUNCTION = YES;
				GCC_WARN_UNUSED_VARIABLE = YES;
				IPHONEOS_DEPLOYMENT_TARGET = 16.0;
				MTL_ENABLE_DEBUG_INFO = INCLUDE_SOURCE;
				MTL_FAST_MATH = YES;
				ONLY_ACTIVE_ARCH = YES;
				SDKROOT = iphoneos;
				SWIFT_ACTIVE_COMPILATION_CONDITIONS = DEBUG;
				SWIFT_OPTIMIZATION_LEVEL = "-Onone";
			};
			name = Debug;
		};
		2731736D28E4746900FF5B17 /* Release */ = {
			isa = XCBuildConfiguration;
			buildSettings = {
				ALWAYS_SEARCH_USER_PATHS = NO;
				CLANG_ANALYZER_NONNULL = YES;
				CLANG_ANALYZER_NUMBER_OBJECT_CONVERSION = YES_AGGRESSIVE;
				CLANG_CXX_LANGUAGE_STANDARD = "gnu++20";
				CLANG_ENABLE_MODULES = YES;
				CLANG_ENABLE_OBJC_ARC = YES;
				CLANG_ENABLE_OBJC_WEAK = YES;
				CLANG_WARN_BLOCK_CAPTURE_AUTORELEASING = YES;
				CLANG_WARN_BOOL_CONVERSION = YES;
				CLANG_WARN_COMMA = YES;
				CLANG_WARN_CONSTANT_CONVERSION = YES;
				CLANG_WARN_DEPRECATED_OBJC_IMPLEMENTATIONS = YES;
				CLANG_WARN_DIRECT_OBJC_ISA_USAGE = YES_ERROR;
				CLANG_WARN_DOCUMENTATION_COMMENTS = YES;
				CLANG_WARN_EMPTY_BODY = YES;
				CLANG_WARN_ENUM_CONVERSION = YES;
				CLANG_WARN_INFINITE_RECURSION = YES;
				CLANG_WARN_INT_CONVERSION = YES;
				CLANG_WARN_NON_LITERAL_NULL_CONVERSION = YES;
				CLANG_WARN_OBJC_IMPLICIT_RETAIN_SELF = YES;
				CLANG_WARN_OBJC_LITERAL_CONVERSION = YES;
				CLANG_WARN_OBJC_ROOT_CLASS = YES_ERROR;
				CLANG_WARN_QUOTED_INCLUDE_IN_FRAMEWORK_HEADER = YES;
				CLANG_WARN_RANGE_LOOP_ANALYSIS = YES;
				CLANG_WARN_STRICT_PROTOTYPES = YES;
				CLANG_WARN_SUSPICIOUS_MOVE = YES;
				CLANG_WARN_UNGUARDED_AVAILABILITY = YES_AGGRESSIVE;
				CLANG_WARN_UNREACHABLE_CODE = YES;
				CLANG_WARN__DUPLICATE_METHOD_MATCH = YES;
				COPY_PHASE_STRIP = NO;
				DEBUG_INFORMATION_FORMAT = "dwarf-with-dsym";
				ENABLE_NS_ASSERTIONS = NO;
				ENABLE_STRICT_OBJC_MSGSEND = YES;
				GCC_C_LANGUAGE_STANDARD = gnu11;
				GCC_NO_COMMON_BLOCKS = YES;
				GCC_WARN_64_TO_32_BIT_CONVERSION = YES;
				GCC_WARN_ABOUT_RETURN_TYPE = YES_ERROR;
				GCC_WARN_UNDECLARED_SELECTOR = YES;
				GCC_WARN_UNINITIALIZED_AUTOS = YES_AGGRESSIVE;
				GCC_WARN_UNUSED_FUNCTION = YES;
				GCC_WARN_UNUSED_VARIABLE = YES;
				IPHONEOS_DEPLOYMENT_TARGET = 16.0;
				MTL_ENABLE_DEBUG_INFO = NO;
				MTL_FAST_MATH = YES;
				SDKROOT = iphoneos;
				SWIFT_COMPILATION_MODE = wholemodule;
				SWIFT_OPTIMIZATION_LEVEL = "-O";
				VALIDATE_PRODUCT = YES;
			};
			name = Release;
		};
		2731736F28E4746900FF5B17 /* Debug */ = {
			isa = XCBuildConfiguration;
			buildSettings = {
				ASSETCATALOG_COMPILER_APPICON_NAME = AppIcon;
				ASSETCATALOG_COMPILER_GLOBAL_ACCENT_COLOR_NAME = AccentColor;
				CODE_SIGN_STYLE = Automatic;
				CURRENT_PROJECT_VERSION = 1;
				GENERATE_INFOPLIST_FILE = YES;
				INFOPLIST_FILE = FDJChampionnatTest/Info.plist;
				INFOPLIST_KEY_UIApplicationSupportsIndirectInputEvents = YES;
				INFOPLIST_KEY_UILaunchStoryboardName = LaunchScreen;
				INFOPLIST_KEY_UISupportedInterfaceOrientations_iPad = "UIInterfaceOrientationPortrait UIInterfaceOrientationPortraitUpsideDown UIInterfaceOrientationLandscapeLeft UIInterfaceOrientationLandscapeRight";
				INFOPLIST_KEY_UISupportedInterfaceOrientations_iPhone = "UIInterfaceOrientationPortrait UIInterfaceOrientationLandscapeLeft UIInterfaceOrientationLandscapeRight";
				LD_RUNPATH_SEARCH_PATHS = (
					"$(inherited)",
					"@executable_path/Frameworks",
				);
				MARKETING_VERSION = 1.0;
				PRODUCT_BUNDLE_IDENTIFIER = com.fm.FDJChampionnatTest;
				PRODUCT_NAME = "$(TARGET_NAME)";
				SWIFT_EMIT_LOC_STRINGS = YES;
				SWIFT_VERSION = 5.0;
				TARGETED_DEVICE_FAMILY = "1,2";
			};
			name = Debug;
		};
		2731737028E4746900FF5B17 /* Release */ = {
			isa = XCBuildConfiguration;
			buildSettings = {
				ASSETCATALOG_COMPILER_APPICON_NAME = AppIcon;
				ASSETCATALOG_COMPILER_GLOBAL_ACCENT_COLOR_NAME = AccentColor;
				CODE_SIGN_STYLE = Automatic;
				CURRENT_PROJECT_VERSION = 1;
				GENERATE_INFOPLIST_FILE = YES;
				INFOPLIST_FILE = FDJChampionnatTest/Info.plist;
				INFOPLIST_KEY_UIApplicationSupportsIndirectInputEvents = YES;
				INFOPLIST_KEY_UILaunchStoryboardName = LaunchScreen;
				INFOPLIST_KEY_UISupportedInterfaceOrientations_iPad = "UIInterfaceOrientationPortrait UIInterfaceOrientationPortraitUpsideDown UIInterfaceOrientationLandscapeLeft UIInterfaceOrientationLandscapeRight";
				INFOPLIST_KEY_UISupportedInterfaceOrientations_iPhone = "UIInterfaceOrientationPortrait UIInterfaceOrientationLandscapeLeft UIInterfaceOrientationLandscapeRight";
				LD_RUNPATH_SEARCH_PATHS = (
					"$(inherited)",
					"@executable_path/Frameworks",
				);
				MARKETING_VERSION = 1.0;
				PRODUCT_BUNDLE_IDENTIFIER = com.fm.FDJChampionnatTest;
				PRODUCT_NAME = "$(TARGET_NAME)";
				SWIFT_EMIT_LOC_STRINGS = YES;
				SWIFT_VERSION = 5.0;
				TARGETED_DEVICE_FAMILY = "1,2";
			};
			name = Release;
		};
		2731737228E4746900FF5B17 /* Debug */ = {
			isa = XCBuildConfiguration;
			buildSettings = {
				ALWAYS_EMBED_SWIFT_STANDARD_LIBRARIES = YES;
				BUNDLE_LOADER = "$(TEST_HOST)";
				CODE_SIGN_STYLE = Automatic;
				CURRENT_PROJECT_VERSION = 1;
				GENERATE_INFOPLIST_FILE = YES;
				IPHONEOS_DEPLOYMENT_TARGET = 16.0;
				MARKETING_VERSION = 1.0;
				PRODUCT_BUNDLE_IDENTIFIER = com.fm.FDJChampionnatTestTests;
				PRODUCT_NAME = "$(TARGET_NAME)";
				SWIFT_EMIT_LOC_STRINGS = NO;
				SWIFT_VERSION = 5.0;
				TARGETED_DEVICE_FAMILY = "1,2";
				TEST_HOST = "$(BUILT_PRODUCTS_DIR)/FDJChampionnatTest.app/$(BUNDLE_EXECUTABLE_FOLDER_PATH)/FDJChampionnatTest";
			};
			name = Debug;
		};
		2731737328E4746900FF5B17 /* Release */ = {
			isa = XCBuildConfiguration;
			buildSettings = {
				ALWAYS_EMBED_SWIFT_STANDARD_LIBRARIES = YES;
				BUNDLE_LOADER = "$(TEST_HOST)";
				CODE_SIGN_STYLE = Automatic;
				CURRENT_PROJECT_VERSION = 1;
				GENERATE_INFOPLIST_FILE = YES;
				IPHONEOS_DEPLOYMENT_TARGET = 16.0;
				MARKETING_VERSION = 1.0;
				PRODUCT_BUNDLE_IDENTIFIER = com.fm.FDJChampionnatTestTests;
				PRODUCT_NAME = "$(TARGET_NAME)";
				SWIFT_EMIT_LOC_STRINGS = NO;
				SWIFT_VERSION = 5.0;
				TARGETED_DEVICE_FAMILY = "1,2";
				TEST_HOST = "$(BUILT_PRODUCTS_DIR)/FDJChampionnatTest.app/$(BUNDLE_EXECUTABLE_FOLDER_PATH)/FDJChampionnatTest";
			};
			name = Release;
		};
/* End XCBuildConfiguration section */

/* Begin XCConfigurationList section */
		2731733F28E4746800FF5B17 /* Build configuration list for PBXProject "FDJChampionnatTest" */ = {
			isa = XCConfigurationList;
			buildConfigurations = (
				2731736C28E4746900FF5B17 /* Debug */,
				2731736D28E4746900FF5B17 /* Release */,
			);
			defaultConfigurationIsVisible = 0;
			defaultConfigurationName = Release;
		};
		2731736E28E4746900FF5B17 /* Build configuration list for PBXNativeTarget "FDJChampionnatTest" */ = {
			isa = XCConfigurationList;
			buildConfigurations = (
				2731736F28E4746900FF5B17 /* Debug */,
				2731737028E4746900FF5B17 /* Release */,
			);
			defaultConfigurationIsVisible = 0;
			defaultConfigurationName = Release;
		};
		2731737128E4746900FF5B17 /* Build configuration list for PBXNativeTarget "FDJChampionnatTestTests" */ = {
			isa = XCConfigurationList;
			buildConfigurations = (
				2731737228E4746900FF5B17 /* Debug */,
				2731737328E4746900FF5B17 /* Release */,
			);
			defaultConfigurationIsVisible = 0;
			defaultConfigurationName = Release;
		};
/* End XCConfigurationList section */

/* Begin XCRemoteSwiftPackageReference section */
		2731739728E8F7CB00FF5B17 /* XCRemoteSwiftPackageReference "Kingfisher" */ = {
			isa = XCRemoteSwiftPackageReference;
			repositoryURL = "https://github.com/onevcat/Kingfisher.git";
			requirement = {
				kind = upToNextMajorVersion;
				minimumVersion = 7.0.0;
			};
		};
/* End XCRemoteSwiftPackageReference section */

/* Begin XCSwiftPackageProductDependency section */
		2731739828E8F7CB00FF5B17 /* Kingfisher */ = {
			isa = XCSwiftPackageProductDependency;
			package = 2731739728E8F7CB00FF5B17 /* XCRemoteSwiftPackageReference "Kingfisher" */;
			productName = Kingfisher;
		};
/* End XCSwiftPackageProductDependency section */
	};
	rootObject = 2731733C28E4746800FF5B17 /* Project object */;
}
