// !$*UTF8*$!
{
	archiveVersion = 1;
	classes = {
	};
	objectVersion = 56;
	objects = {

/* Begin PBXBuildFile section */
		2731734828E4746800FF5B17 /* AppDelegate.swift in Sources */ = {isa = PBXBuildFile; fileRef = 2731734728E4746800FF5B17 /* AppDelegate.swift */; };
		2731734A28E4746800FF5B17 /* SceneDelegate.swift in Sources */ = {isa = PBXBuildFile; fileRef = 2731734928E4746800FF5B17 /* SceneDelegate.swift */; };
		2731734C28E4746800FF5B17 /* ViewController.swift in Sources */ = {isa = PBXBuildFile; fileRef = 2731734B28E4746800FF5B17 /* ViewController.swift */; };
		2731734F28E4746800FF5B17 /* Main.storyboard in Resources */ = {isa = PBXBuildFile; fileRef = 2731734D28E4746800FF5B17 /* Main.storyboard */; };
		2731735128E4746900FF5B17 /* Assets.xcassets in Resources */ = {isa = PBXBuildFile; fileRef = 2731735028E4746900FF5B17 /* Assets.xcassets */; };
		2731735428E4746900FF5B17 /* LaunchScreen.storyboard in Resources */ = {isa = PBXBuildFile; fileRef = 2731735228E4746900FF5B17 /* LaunchScreen.storyboard */; };
		2731735F28E4746900FF5B17 /* FDJChampionnatTestTests.swift in Sources */ = {isa = PBXBuildFile; fileRef = 2731735E28E4746900FF5B17 /* FDJChampionnatTestTests.swift */; };
		2731736928E4746900FF5B17 /* FDJChampionnatTestUITests.swift in Sources */ = {isa = PBXBuildFile; fileRef = 2731736828E4746900FF5B17 /* FDJChampionnatTestUITests.swift */; };
		2731736B28E4746900FF5B17 /* FDJChampionnatTestUITestsLaunchTests.swift in Sources */ = {isa = PBXBuildFile; fileRef = 2731736A28E4746900FF5B17 /* FDJChampionnatTestUITestsLaunchTests.swift */; };
/* End PBXBuildFile section */

/* Begin PBXContainerItemProxy section */
		2731735B28E4746900FF5B17 /* PBXContainerItemProxy */ = {
			isa = PBXContainerItemProxy;
			containerPortal = 2731733C28E4746800FF5B17 /* Project object */;
			proxyType = 1;
			remoteGlobalIDString = 2731734328E4746800FF5B17;
			remoteInfo = FDJChampionnatTest;
		};
		2731736528E4746900FF5B17 /* PBXContainerItemProxy */ = {
			isa = PBXContainerItemProxy;
			containerPortal = 2731733C28E4746800FF5B17 /* Project object */;
			proxyType = 1;
			remoteGlobalIDString = 2731734328E4746800FF5B17;
			remoteInfo = FDJChampionnatTest;
		};
/* End PBXContainerItemProxy section */

/* Begin PBXFileReference section */
		2731734428E4746800FF5B17 /* FDJChampionnatTest.app */ = {isa = PBXFileReference; explicitFileType = wrapper.application; includeInIndex = 0; path = FDJChampionnatTest.app; sourceTree = BUILT_PRODUCTS_DIR; };
		2731734728E4746800FF5B17 /* AppDelegate.swift */ = {isa = PBXFileReference; lastKnownFileType = sourcecode.swift; path = AppDelegate.swift; sourceTree = "<group>"; };
		2731734928E4746800FF5B17 /* SceneDelegate.swift */ = {isa = PBXFileReference; lastKnownFileType = sourcecode.swift; path = SceneDelegate.swift; sourceTree = "<group>"; };
		2731734B28E4746800FF5B17 /* ViewController.swift */ = {isa = PBXFileReference; lastKnownFileType = sourcecode.swift; path = ViewController.swift; sourceTree = "<group>"; };
		2731734E28E4746800FF5B17 /* Base */ = {isa = PBXFileReference; lastKnownFileType = file.storyboard; name = Base; path = Base.lproj/Main.storyboard; sourceTree = "<group>"; };
		2731735028E4746900FF5B17 /* Assets.xcassets */ = {isa = PBXFileReference; lastKnownFileType = folder.assetcatalog; path = Assets.xcassets; sourceTree = "<group>"; };
		2731735328E4746900FF5B17 /* Base */ = {isa = PBXFileReference; lastKnownFileType = file.storyboard; name = Base; path = Base.lproj/LaunchScreen.storyboard; sourceTree = "<group>"; };
		2731735528E4746900FF5B17 /* Info.plist */ = {isa = PBXFileReference; lastKnownFileType = text.plist.xml; path = Info.plist; sourceTree = "<group>"; };
		2731735A28E4746900FF5B17 /* FDJChampionnatTestTests.xctest */ = {isa = PBXFileReference; explicitFileType = wrapper.cfbundle; includeInIndex = 0; path = FDJChampionnatTestTests.xctest; sourceTree = BUILT_PRODUCTS_DIR; };
		2731735E28E4746900FF5B17 /* FDJChampionnatTestTests.swift */ = {isa = PBXFileReference; lastKnownFileType = sourcecode.swift; path = FDJChampionnatTestTests.swift; sourceTree = "<group>"; };
		2731736428E4746900FF5B17 /* FDJChampionnatTestUITests.xctest */ = {isa = PBXFileReference; explicitFileType = wrapper.cfbundle; includeInIndex = 0; path = FDJChampionnatTestUITests.xctest; sourceTree = BUILT_PRODUCTS_DIR; };
		2731736828E4746900FF5B17 /* FDJChampionnatTestUITests.swift */ = {isa = PBXFileReference; lastKnownFileType = sourcecode.swift; path = FDJChampionnatTestUITests.swift; sourceTree = "<group>"; };
		2731736A28E4746900FF5B17 /* FDJChampionnatTestUITestsLaunchTests.swift */ = {isa = PBXFileReference; lastKnownFileType = sourcecode.swift; path = FDJChampionnatTestUITestsLaunchTests.swift; sourceTree = "<group>"; };
/* End PBXFileReference section */

/* Begin PBXFrameworksBuildPhase section */
		2731734128E4746800FF5B17 /* Frameworks */ = {
			isa = PBXFrameworksBuildPhase;
			buildActionMask = 2147483647;
			files = (
			);
			runOnlyForDeploymentPostprocessing = 0;
		};
		2731735728E4746900FF5B17 /* Frameworks */ = {
			isa = PBXFrameworksBuildPhase;
			buildActionMask = 2147483647;
			files = (
			);
			runOnlyForDeploymentPostprocessing = 0;
		};
		2731736128E4746900FF5B17 /* Frameworks */ = {
			isa = PBXFrameworksBuildPhase;
			buildActionMask = 2147483647;
			files = (
			);
			runOnlyForDeploymentPostprocessing = 0;
		};
/* End PBXFrameworksBuildPhase section */

/* Begin PBXGroup section */
		2731733B28E4746800FF5B17 = {
			isa = PBXGroup;
			children = (
				2731734628E4746800FF5B17 /* FDJChampionnatTest */,
				2731735D28E4746900FF5B17 /* FDJChampionnatTestTests */,
				2731736728E4746900FF5B17 /* FDJChampionnatTestUITests */,
				2731734528E4746800FF5B17 /* Products */,
			);
			sourceTree = "<group>";
		};
		2731734528E4746800FF5B17 /* Products */ = {
			isa = PBXGroup;
			children = (
				2731734428E4746800FF5B17 /* FDJChampionnatTest.app */,
				2731735A28E4746900FF5B17 /* FDJChampionnatTestTests.xctest */,
				2731736428E4746900FF5B17 /* FDJChampionnatTestUITests.xctest */,
			);
			name = Products;
			sourceTree = "<group>";
		};
		2731734628E4746800FF5B17 /* FDJChampionnatTest */ = {
			isa = PBXGroup;
			children = (
				2731734728E4746800FF5B17 /* AppDelegate.swift */,
				2731734928E4746800FF5B17 /* SceneDelegate.swift */,
				2731734B28E4746800FF5B17 /* ViewController.swift */,
				2731734D28E4746800FF5B17 /* Main.storyboard */,
				2731735028E4746900FF5B17 /* Assets.xcassets */,
				2731735228E4746900FF5B17 /* LaunchScreen.storyboard */,
				2731735528E4746900FF5B17 /* Info.plist */,
			);
			path = FDJChampionnatTest;
			sourceTree = "<group>";
		};
		2731735D28E4746900FF5B17 /* FDJChampionnatTestTests */ = {
			isa = PBXGroup;
			children = (
				2731735E28E4746900FF5B17 /* FDJChampionnatTestTests.swift */,
			);
			path = FDJChampionnatTestTests;
			sourceTree = "<group>";
		};
		2731736728E4746900FF5B17 /* FDJChampionnatTestUITests */ = {
			isa = PBXGroup;
			children = (
				2731736828E4746900FF5B17 /* FDJChampionnatTestUITests.swift */,
				2731736A28E4746900FF5B17 /* FDJChampionnatTestUITestsLaunchTests.swift */,
			);
			path = FDJChampionnatTestUITests;
			sourceTree = "<group>";
		};
/* End PBXGroup section */

/* Begin PBXNativeTarget section */
		2731734328E4746800FF5B17 /* FDJChampionnatTest */ = {
			isa = PBXNativeTarget;
			buildConfigurationList = 2731736E28E4746900FF5B17 /* Build configuration list for PBXNativeTarget "FDJChampionnatTest" */;
			buildPhases = (
				2731734028E4746800FF5B17 /* Sources */,
				2731734128E4746800FF5B17 /* Frameworks */,
				2731734228E4746800FF5B17 /* Resources */,
			);
			buildRules = (
			);
			dependencies = (
			);
			name = FDJChampionnatTest;
			productName = FDJChampionnatTest;
			productReference = 2731734428E4746800FF5B17 /* FDJChampionnatTest.app */;
			productType = "com.apple.product-type.application";
		};
		2731735928E4746900FF5B17 /* FDJChampionnatTestTests */ = {
			isa = PBXNativeTarget;
			buildConfigurationList = 2731737128E4746900FF5B17 /* Build configuration list for PBXNativeTarget "FDJChampionnatTestTests" */;
			buildPhases = (
				2731735628E4746900FF5B17 /* Sources */,
				2731735728E4746900FF5B17 /* Frameworks */,
				2731735828E4746900FF5B17 /* Resources */,
			);
			buildRules = (
			);
			dependencies = (
				2731735C28E4746900FF5B17 /* PBXTargetDependency */,
			);
			name = FDJChampionnatTestTests;
			productName = FDJChampionnatTestTests;
			productReference = 2731735A28E4746900FF5B17 /* FDJChampionnatTestTests.xctest */;
			productType = "com.apple.product-type.bundle.unit-test";
		};
		2731736328E4746900FF5B17 /* FDJChampionnatTestUITests */ = {
			isa = PBXNativeTarget;
			buildConfigurationList = 2731737428E4746900FF5B17 /* Build configuration list for PBXNativeTarget "FDJChampionnatTestUITests" */;
			buildPhases = (
				2731736028E4746900FF5B17 /* Sources */,
				2731736128E4746900FF5B17 /* Frameworks */,
				2731736228E4746900FF5B17 /* Resources */,
			);
			buildRules = (
			);
			dependencies = (
				2731736628E4746900FF5B17 /* PBXTargetDependency */,
			);
			name = FDJChampionnatTestUITests;
			productName = FDJChampionnatTestUITests;
			productReference = 2731736428E4746900FF5B17 /* FDJChampionnatTestUITests.xctest */;
			productType = "com.apple.product-type.bundle.ui-testing";
		};
/* End PBXNativeTarget section */

/* Begin PBXProject section */
		2731733C28E4746800FF5B17 /* Project object */ = {
			isa = PBXProject;
			attributes = {
				BuildIndependentTargetsInParallel = 1;
				LastSwiftUpdateCheck = 1400;
				LastUpgradeCheck = 1400;
				TargetAttributes = {
					2731734328E4746800FF5B17 = {
						CreatedOnToolsVersion = 14.0.1;
					};
					2731735928E4746900FF5B17 = {
						CreatedOnToolsVersion = 14.0.1;
						TestTargetID = 2731734328E4746800FF5B17;
					};
					2731736328E4746900FF5B17 = {
						CreatedOnToolsVersion = 14.0.1;
						TestTargetID = 2731734328E4746800FF5B17;
					};
				};
			};
			buildConfigurationList = 2731733F28E4746800FF5B17 /* Build configuration list for PBXProject "FDJChampionnatTest" */;
			compatibilityVersion = "Xcode 14.0";
			developmentRegion = en;
			hasScannedForEncodings = 0;
			knownRegions = (
				en,
				Base,
			);
			mainGroup = 2731733B28E4746800FF5B17;
			productRefGroup = 2731734528E4746800FF5B17 /* Products */;
			projectDirPath = "";
			projectRoot = "";
			targets = (
				2731734328E4746800FF5B17 /* FDJChampionnatTest */,
				2731735928E4746900FF5B17 /* FDJChampionnatTestTests */,
				2731736328E4746900FF5B17 /* FDJChampionnatTestUITests */,
			);
		};
/* End PBXProject section */

/* Begin PBXResourcesBuildPhase section */
		2731734228E4746800FF5B17 /* Resources */ = {
			isa = PBXResourcesBuildPhase;
			buildActionMask = 2147483647;
			files = (
				2731735428E4746900FF5B17 /* LaunchScreen.storyboard in Resources */,
				2731735128E4746900FF5B17 /* Assets.xcassets in Resources */,
				2731734F28E4746800FF5B17 /* Main.storyboard in Resources */,
			);
			runOnlyForDeploymentPostprocessing = 0;
		};
		2731735828E4746900FF5B17 /* Resources */ = {
			isa = PBXResourcesBuildPhase;
			buildActionMask = 2147483647;
			files = (
			);
			runOnlyForDeploymentPostprocessing = 0;
		};
		2731736228E4746900FF5B17 /* Resources */ = {
			isa = PBXResourcesBuildPhase;
			buildActionMask = 2147483647;
			files = (
			);
			runOnlyForDeploymentPostprocessing = 0;
		};
/* End PBXResourcesBuildPhase section */

/* Begin PBXSourcesBuildPhase section */
		2731734028E4746800FF5B17 /* Sources */ = {
			isa = PBXSourcesBuildPhase;
			buildActionMask = 2147483647;
			files = (
				2731734C28E4746800FF5B17 /* ViewController.swift in Sources */,
				2731734828E4746800FF5B17 /* AppDelegate.swift in Sources */,
				2731734A28E4746800FF5B17 /* SceneDelegate.swift in Sources */,
			);
			runOnlyForDeploymentPostprocessing = 0;
		};
		2731735628E4746900FF5B17 /* Sources */ = {
			isa = PBXSourcesBuildPhase;
			buildActionMask = 2147483647;
			files = (
				2731735F28E4746900FF5B17 /* FDJChampionnatTestTests.swift in Sources */,
			);
			runOnlyForDeploymentPostprocessing = 0;
		};
		2731736028E4746900FF5B17 /* Sources */ = {
			isa = PBXSourcesBuildPhase;
			buildActionMask = 2147483647;
			files = (
				2731736B28E4746900FF5B17 /* FDJChampionnatTestUITestsLaunchTests.swift in Sources */,
				2731736928E4746900FF5B17 /* FDJChampionnatTestUITests.swift in Sources */,
			);
			runOnlyForDeploymentPostprocessing = 0;
		};
/* End PBXSourcesBuildPhase section */

/* Begin PBXTargetDependency section */
		2731735C28E4746900FF5B17 /* PBXTargetDependency */ = {
			isa = PBXTargetDependency;
			target = 2731734328E4746800FF5B17 /* FDJChampionnatTest */;
			targetProxy = 2731735B28E4746900FF5B17 /* PBXContainerItemProxy */;
		};
		2731736628E4746900FF5B17 /* PBXTargetDependency */ = {
			isa = PBXTargetDependency;
			target = 2731734328E4746800FF5B17 /* FDJChampionnatTest */;
			targetProxy = 2731736528E4746900FF5B17 /* PBXContainerItemProxy */;
		};
/* End PBXTargetDependency section */

/* Begin PBXVariantGroup section */
		2731734D28E4746800FF5B17 /* Main.storyboard */ = {
			isa = PBXVariantGroup;
			children = (
				2731734E28E4746800FF5B17 /* Base */,
			);
			name = Main.storyboard;
			sourceTree = "<group>";
		};
		2731735228E4746900FF5B17 /* LaunchScreen.storyboard */ = {
			isa = PBXVariantGroup;
			children = (
				2731735328E4746900FF5B17 /* Base */,
			);
			name = LaunchScreen.storyboard;
			sourceTree = "<group>";
		};
/* End PBXVariantGroup section */

/* Begin XCBuildConfiguration section */
		2731736C28E4746900FF5B17 /* Debug */ = {
			isa = XCBuildConfiguration;
			buildSettings = {
				ALWAYS_SEARCH_USER_PATHS = NO;
				CLANG_ANALYZER_NONNULL = YES;
				CLANG_ANALYZER_NUMBER_OBJECT_CONVERSION = YES_AGGRESSIVE;
				CLANG_CXX_LANGUAGE_STANDARD = "gnu++20";
				CLANG_ENABLE_MODULES = YES;
				CLANG_ENABLE_OBJC_ARC = YES;
				CLANG_ENABLE_OBJC_WEAK = YES;
				CLANG_WARN_BLOCK_CAPTURE_AUTORELEASING = YES;
				CLANG_WARN_BOOL_CONVERSION = YES;
				CLANG_WARN_COMMA = YES;
				CLANG_WARN_CONSTANT_CONVERSION = YES;
				CLANG_WARN_DEPRECATED_OBJC_IMPLEMENTATIONS = YES;
				CLANG_WARN_DIRECT_OBJC_ISA_USAGE = YES_ERROR;
				CLANG_WARN_DOCUMENTATION_COMMENTS = YES;
				CLANG_WARN_EMPTY_BODY = YES;
				CLANG_WARN_ENUM_CONVERSION = YES;
				CLANG_WARN_INFINITE_RECURSION = YES;
				CLANG_WARN_INT_CONVERSION = YES;
				CLANG_WARN_NON_LITERAL_NULL_CONVERSION = YES;
				CLANG_WARN_OBJC_IMPLICIT_RETAIN_SELF = YES;
				CLANG_WARN_OBJC_LITERAL_CONVERSION = YES;
				CLANG_WARN_OBJC_ROOT_CLASS = YES_ERROR;
				CLANG_WARN_QUOTED_INCLUDE_IN_FRAMEWORK_HEADER = YES;
				CLANG_WARN_RANGE_LOOP_ANALYSIS = YES;
				CLANG_WARN_STRICT_PROTOTYPES = YES;
				CLANG_WARN_SUSPICIOUS_MOVE = YES;
				CLANG_WARN_UNGUARDED_AVAILABILITY = YES_AGGRESSIVE;
				CLANG_WARN_UNREACHABLE_CODE = YES;
				CLANG_WARN__DUPLICATE_METHOD_MATCH = YES;
				COPY_PHASE_STRIP = NO;
				DEBUG_INFORMATION_FORMAT = dwarf;
				ENABLE_STRICT_OBJC_MSGSEND = YES;
				ENABLE_TESTABILITY = YES;
				GCC_C_LANGUAGE_STANDARD = gnu11;
				GCC_DYNAMIC_NO_PIC = NO;
				GCC_NO_COMMON_BLOCKS = YES;
				GCC_OPTIMIZATION_LEVEL = 0;
				GCC_PREPROCESSOR_DEFINITIONS = (
					"DEBUG=1",
					"$(inherited)",
				);
				GCC_WARN_64_TO_32_BIT_CONVERSION = YES;
				GCC_WARN_ABOUT_RETURN_TYPE = YES_ERROR;
				GCC_WARN_UNDECLARED_SELECTOR = YES;
				GCC_WARN_UNINITIALIZED_AUTOS = YES_AGGRESSIVE;
				GCC_WARN_UNUSED_FUNCTION = YES;
				GCC_WARN_UNUSED_VARIABLE = YES;
				IPHONEOS_DEPLOYMENT_TARGET = 16.0;
				MTL_ENABLE_DEBUG_INFO = INCLUDE_SOURCE;
				MTL_FAST_MATH = YES;
				ONLY_ACTIVE_ARCH = YES;
				SDKROOT = iphoneos;
				SWIFT_ACTIVE_COMPILATION_CONDITIONS = DEBUG;
				SWIFT_OPTIMIZATION_LEVEL = "-Onone";
			};
			name = Debug;
		};
		2731736D28E4746900FF5B17 /* Release */ = {
			isa = XCBuildConfiguration;
			buildSettings = {
				ALWAYS_SEARCH_USER_PATHS = NO;
				CLANG_ANALYZER_NONNULL = YES;
				CLANG_ANALYZER_NUMBER_OBJECT_CONVERSION = YES_AGGRESSIVE;
				CLANG_CXX_LANGUAGE_STANDARD = "gnu++20";
				CLANG_ENABLE_MODULES = YES;
				CLANG_ENABLE_OBJC_ARC = YES;
				CLANG_ENABLE_OBJC_WEAK = YES;
				CLANG_WARN_BLOCK_CAPTURE_AUTORELEASING = YES;
				CLANG_WARN_BOOL_CONVERSION = YES;
				CLANG_WARN_COMMA = YES;
				CLANG_WARN_CONSTANT_CONVERSION = YES;
				CLANG_WARN_DEPRECATED_OBJC_IMPLEMENTATIONS = YES;
				CLANG_WARN_DIRECT_OBJC_ISA_USAGE = YES_ERROR;
				CLANG_WARN_DOCUMENTATION_COMMENTS = YES;
				CLANG_WARN_EMPTY_BODY = YES;
				CLANG_WARN_ENUM_CONVERSION = YES;
				CLANG_WARN_INFINITE_RECURSION = YES;
				CLANG_WARN_INT_CONVERSION = YES;
				CLANG_WARN_NON_LITERAL_NULL_CONVERSION = YES;
				CLANG_WARN_OBJC_IMPLICIT_RETAIN_SELF = YES;
				CLANG_WARN_OBJC_LITERAL_CONVERSION = YES;
				CLANG_WARN_OBJC_ROOT_CLASS = YES_ERROR;
				CLANG_WARN_QUOTED_INCLUDE_IN_FRAMEWORK_HEADER = YES;
				CLANG_WARN_RANGE_LOOP_ANALYSIS = YES;
				CLANG_WARN_STRICT_PROTOTYPES = YES;
				CLANG_WARN_SUSPICIOUS_MOVE = YES;
				CLANG_WARN_UNGUARDED_AVAILABILITY = YES_AGGRESSIVE;
				CLANG_WARN_UNREACHABLE_CODE = YES;
				CLANG_WARN__DUPLICATE_METHOD_MATCH = YES;
				COPY_PHASE_STRIP = NO;
				DEBUG_INFORMATION_FORMAT = "dwarf-with-dsym";
				ENABLE_NS_ASSERTIONS = NO;
				ENABLE_STRICT_OBJC_MSGSEND = YES;
				GCC_C_LANGUAGE_STANDARD = gnu11;
				GCC_NO_COMMON_BLOCKS = YES;
				GCC_WARN_64_TO_32_BIT_CONVERSION = YES;
				GCC_WARN_ABOUT_RETURN_TYPE = YES_ERROR;
				GCC_WARN_UNDECLARED_SELECTOR = YES;
				GCC_WARN_UNINITIALIZED_AUTOS = YES_AGGRESSIVE;
				GCC_WARN_UNUSED_FUNCTION = YES;
				GCC_WARN_UNUSED_VARIABLE = YES;
				IPHONEOS_DEPLOYMENT_TARGET = 16.0;
				MTL_ENABLE_DEBUG_INFO = NO;
				MTL_FAST_MATH = YES;
				SDKROOT = iphoneos;
				SWIFT_COMPILATION_MODE = wholemodule;
				SWIFT_OPTIMIZATION_LEVEL = "-O";
				VALIDATE_PRODUCT = YES;
			};
			name = Release;
		};
		2731736F28E4746900FF5B17 /* Debug */ = {
			isa = XCBuildConfiguration;
			buildSettings = {
				ASSETCATALOG_COMPILER_APPICON_NAME = AppIcon;
				ASSETCATALOG_COMPILER_GLOBAL_ACCENT_COLOR_NAME = AccentColor;
				CODE_SIGN_STYLE = Automatic;
				CURRENT_PROJECT_VERSION = 1;
				GENERATE_INFOPLIST_FILE = YES;
				INFOPLIST_FILE = FDJChampionnatTest/Info.plist;
				INFOPLIST_KEY_UIApplicationSupportsIndirectInputEvents = YES;
				INFOPLIST_KEY_UILaunchStoryboardName = LaunchScreen;
				INFOPLIST_KEY_UIMainStoryboardFile = Main;
				INFOPLIST_KEY_UISupportedInterfaceOrientations_iPad = "UIInterfaceOrientationPortrait UIInterfaceOrientationPortraitUpsideDown UIInterfaceOrientationLandscapeLeft UIInterfaceOrientationLandscapeRight";
				INFOPLIST_KEY_UISupportedInterfaceOrientations_iPhone = "UIInterfaceOrientationPortrait UIInterfaceOrientationLandscapeLeft UIInterfaceOrientationLandscapeRight";
				LD_RUNPATH_SEARCH_PATHS = (
					"$(inherited)",
					"@executable_path/Frameworks",
				);
				MARKETING_VERSION = 1.0;
				PRODUCT_BUNDLE_IDENTIFIER = com.fm.FDJChampionnatTest;
				PRODUCT_NAME = "$(TARGET_NAME)";
				SWIFT_EMIT_LOC_STRINGS = YES;
				SWIFT_VERSION = 5.0;
				TARGETED_DEVICE_FAMILY = "1,2";
			};
			name = Debug;
		};
		2731737028E4746900FF5B17 /* Release */ = {
			isa = XCBuildConfiguration;
			buildSettings = {
				ASSETCATALOG_COMPILER_APPICON_NAME = AppIcon;
				ASSETCATALOG_COMPILER_GLOBAL_ACCENT_COLOR_NAME = AccentColor;
				CODE_SIGN_STYLE = Automatic;
				CURRENT_PROJECT_VERSION = 1;
				GENERATE_INFOPLIST_FILE = YES;
				INFOPLIST_FILE = FDJChampionnatTest/Info.plist;
				INFOPLIST_KEY_UIApplicationSupportsIndirectInputEvents = YES;
				INFOPLIST_KEY_UILaunchStoryboardName = LaunchScreen;
				INFOPLIST_KEY_UIMainStoryboardFile = Main;
				INFOPLIST_KEY_UISupportedInterfaceOrientations_iPad = "UIInterfaceOrientationPortrait UIInterfaceOrientationPortraitUpsideDown UIInterfaceOrientationLandscapeLeft UIInterfaceOrientationLandscapeRight";
				INFOPLIST_KEY_UISupportedInterfaceOrientations_iPhone = "UIInterfaceOrientationPortrait UIInterfaceOrientationLandscapeLeft UIInterfaceOrientationLandscapeRight";
				LD_RUNPATH_SEARCH_PATHS = (
					"$(inherited)",
					"@executable_path/Frameworks",
				);
				MARKETING_VERSION = 1.0;
				PRODUCT_BUNDLE_IDENTIFIER = com.fm.FDJChampionnatTest;
				PRODUCT_NAME = "$(TARGET_NAME)";
				SWIFT_EMIT_LOC_STRINGS = YES;
				SWIFT_VERSION = 5.0;
				TARGETED_DEVICE_FAMILY = "1,2";
			};
			name = Release;
		};
		2731737228E4746900FF5B17 /* Debug */ = {
			isa = XCBuildConfiguration;
			buildSettings = {
				ALWAYS_EMBED_SWIFT_STANDARD_LIBRARIES = YES;
				BUNDLE_LOADER = "$(TEST_HOST)";
				CODE_SIGN_STYLE = Automatic;
				CURRENT_PROJECT_VERSION = 1;
				GENERATE_INFOPLIST_FILE = YES;
				IPHONEOS_DEPLOYMENT_TARGET = 16.0;
				MARKETING_VERSION = 1.0;
				PRODUCT_BUNDLE_IDENTIFIER = com.fm.FDJChampionnatTestTests;
				PRODUCT_NAME = "$(TARGET_NAME)";
				SWIFT_EMIT_LOC_STRINGS = NO;
				SWIFT_VERSION = 5.0;
				TARGETED_DEVICE_FAMILY = "1,2";
				TEST_HOST = "$(BUILT_PRODUCTS_DIR)/FDJChampionnatTest.app/$(BUNDLE_EXECUTABLE_FOLDER_PATH)/FDJChampionnatTest";
			};
			name = Debug;
		};
		2731737328E4746900FF5B17 /* Release */ = {
			isa = XCBuildConfiguration;
			buildSettings = {
				ALWAYS_EMBED_SWIFT_STANDARD_LIBRARIES = YES;
				BUNDLE_LOADER = "$(TEST_HOST)";
				CODE_SIGN_STYLE = Automatic;
				CURRENT_PROJECT_VERSION = 1;
				GENERATE_INFOPLIST_FILE = YES;
				IPHONEOS_DEPLOYMENT_TARGET = 16.0;
				MARKETING_VERSION = 1.0;
				PRODUCT_BUNDLE_IDENTIFIER = com.fm.FDJChampionnatTestTests;
				PRODUCT_NAME = "$(TARGET_NAME)";
				SWIFT_EMIT_LOC_STRINGS = NO;
				SWIFT_VERSION = 5.0;
				TARGETED_DEVICE_FAMILY = "1,2";
				TEST_HOST = "$(BUILT_PRODUCTS_DIR)/FDJChampionnatTest.app/$(BUNDLE_EXECUTABLE_FOLDER_PATH)/FDJChampionnatTest";
			};
			name = Release;
		};
		2731737528E4746900FF5B17 /* Debug */ = {
			isa = XCBuildConfiguration;
			buildSettings = {
				ALWAYS_EMBED_SWIFT_STANDARD_LIBRARIES = YES;
				CODE_SIGN_STYLE = Automatic;
				CURRENT_PROJECT_VERSION = 1;
				GENERATE_INFOPLIST_FILE = YES;
				MARKETING_VERSION = 1.0;
				PRODUCT_BUNDLE_IDENTIFIER = com.fm.FDJChampionnatTestUITests;
				PRODUCT_NAME = "$(TARGET_NAME)";
				SWIFT_EMIT_LOC_STRINGS = NO;
				SWIFT_VERSION = 5.0;
				TARGETED_DEVICE_FAMILY = "1,2";
				TEST_TARGET_NAME = FDJChampionnatTest;
			};
			name = Debug;
		};
		2731737628E4746900FF5B17 /* Release */ = {
			isa = XCBuildConfiguration;
			buildSettings = {
				ALWAYS_EMBED_SWIFT_STANDARD_LIBRARIES = YES;
				CODE_SIGN_STYLE = Automatic;
				CURRENT_PROJECT_VERSION = 1;
				GENERATE_INFOPLIST_FILE = YES;
				MARKETING_VERSION = 1.0;
				PRODUCT_BUNDLE_IDENTIFIER = com.fm.FDJChampionnatTestUITests;
				PRODUCT_NAME = "$(TARGET_NAME)";
				SWIFT_EMIT_LOC_STRINGS = NO;
				SWIFT_VERSION = 5.0;
				TARGETED_DEVICE_FAMILY = "1,2";
				TEST_TARGET_NAME = FDJChampionnatTest;
			};
			name = Release;
		};
/* End XCBuildConfiguration section */

/* Begin XCConfigurationList section */
		2731733F28E4746800FF5B17 /* Build configuration list for PBXProject "FDJChampionnatTest" */ = {
			isa = XCConfigurationList;
			buildConfigurations = (
				2731736C28E4746900FF5B17 /* Debug */,
				2731736D28E4746900FF5B17 /* Release */,
			);
			defaultConfigurationIsVisible = 0;
			defaultConfigurationName = Release;
		};
		2731736E28E4746900FF5B17 /* Build configuration list for PBXNativeTarget "FDJChampionnatTest" */ = {
			isa = XCConfigurationList;
			buildConfigurations = (
				2731736F28E4746900FF5B17 /* Debug */,
				2731737028E4746900FF5B17 /* Release */,
			);
			defaultConfigurationIsVisible = 0;
			defaultConfigurationName = Release;
		};
		2731737128E4746900FF5B17 /* Build configuration list for PBXNativeTarget "FDJChampionnatTestTests" */ = {
			isa = XCConfigurationList;
			buildConfigurations = (
				2731737228E4746900FF5B17 /* Debug */,
				2731737328E4746900FF5B17 /* Release */,
			);
			defaultConfigurationIsVisible = 0;
			defaultConfigurationName = Release;
		};
		2731737428E4746900FF5B17 /* Build configuration list for PBXNativeTarget "FDJChampionnatTestUITests" */ = {
			isa = XCConfigurationList;
			buildConfigurations = (
				2731737528E4746900FF5B17 /* Debug */,
				2731737628E4746900FF5B17 /* Release */,
			);
			defaultConfigurationIsVisible = 0;
			defaultConfigurationName = Release;
		};
/* End XCConfigurationList section */
	};
	rootObject = 2731733C28E4746800FF5B17 /* Project object */;
}
